{
  "lockfileVersion": "DALEK_CAAN_v3.1_BUN_ZIG_NEXUS_v6_OOXML_ENCODED",
  "configVersion": 6,
  "precision": "ARCHITECTURAL_PRECISION_ULTRA",
  "sourceDNA": "oven-sh/bun/core/v1.1.13-ZIG-NEXUS-SIPHON",
  "[Content_Types].xml": {
    "xmlns": "http://schemas.openxmlformats.org/package/2006/content-types",
    "Default": [
      { "Extension": "zig", "ContentType": "application/vnd.bun.zig-binary" },
      { "Extension": "rels", "ContentType": "application/vnd.openxmlformats-package.relationships+xml" },
      { "Extension": "manifest", "ContentType": "application/vnd.bun.nexus-manifest+xml" },
      { "Extension": "xml", "ContentType": "application/xml" }
    ],
    "Override": [
      { "PartName": "/word/document.xml", "ContentType": "application/vnd.bun.dependency-cluster+xml" },
      { "PartName": "/word/styles.xml", "ContentType": "application/vnd.bun.orchestration-policy+xml" },
      { "PartName": "/word/numbering.xml", "ContentType": "application/vnd.bun.dependency-hierarchy+xml" },
      { "PartName": "/word/settings.xml", "ContentType": "application/vnd.bun.runtime-optimization+xml" },
      { "PartName": "/docProps/core.xml", "ContentType": "application/vnd.openxmlformats-package.core-properties+xml" }
    ]
  },
  "_rels/.rels": {
    "Relationships": [
      { "Id": "rId1", "Type": "http://schemas.openxmlformats.org/officeDocument/2006/relationships/officeDocument", "Target": "word/document.xml" },
      { "Id": "rId2", "Type": "http://schemas.dalek.caan/siphon/metadata/nexus-core", "Target": "docProps/core.xml" },
      { "Id": "rId3", "Type": "http://schemas.dalek.caan/siphon/logic/runtime-settings", "Target": "word/settings.xml" },
      { "Id": "rId4", "Type": "http://schemas.dalek.caan/siphon/styling/policy-map", "Target": "word/styles.xml" },
      { "Id": "rId5", "Type": "http://schemas.openxmlformats.org/officeDocument/2006/relationships/numbering", "Target": "word/numbering.xml" }
    ]
  },
  "word/document.xml": {
    "xmlns:w": "http://schemas.openxmlformats.org/wordprocessingml/2006/main",
    "xmlns:r": "http://schemas.openxmlformats.org/officeDocument/2006/relationships",
    "w:body": {
      "w:p": [
        {
          "w:pPr": { "w:pStyle": { "w:val": "ServiceNexus" } },
          "w:r": [
            { "w:rPr": { "w:b": {}, "w:sz": { "w:val": "32" } }, "w:t": "BUN_NEXUS_CONVERGENCE::agi-ws-v6" }
          ]
        }
      ],
      "w:dependencyGraph": {
        "socket.io": {
          "w:p": {
            "w:pPr": { "w:pStyle": { "w:val": "BasePackage" } },
            "w:r": [
              { "w:rPr": { "w:b": {} }, "w:t": "socket.io@4.8.3" },
              { "w:rPr": { "w:color": { "w:val": "555555" } }, "w:t": "sha512-2Dd78..." }
            ],
            "w:hyperlink": { "r:id": "rIdPkg1", "w:tgtFrame": "_blank" }
          }
        },
        "z-ai-web-dev-sdk": {
          "w:p": {
            "w:pPr": { "w:pStyle": { "w:val": "CriticalSDK" }, "w:shd": { "w:fill": "FFEECC" } },
            "w:r": [
              { "w:rPr": { "w:b": {}, "w:color": { "w:val": "FF0000" } }, "w:t": "z-ai-web-dev-sdk@0.0.18" }
            ],
            "w:object": {
              "w:control": { "r:id": "rIdZigV6", "w:name": "ZigRuntimeExecutor" },
              "w:siphon": { "w:entry": "nexus.zig", "w:mode": "DirectAOT" }
            }
          }
        },
        "fast-xml-parser": {
          "w:p": {
            "w:pPr": { "w:pStyle": { "w:val": "UtilityPackage" } },
            "w:r": [
              { "w:rPr": { "w:i": {} }, "w:t": "fast-xml-parser@4.5.0" },
              { "w:rPr": { "w:u": { "w:val": "single" } }, "w:t": "sha512-XmlSiphon..." }
            ]
          }
        }
      },
      "w:sectPr": {
        "w:pgSz": { "w:w": "11906", "w:h": "16838" },
        "w:type": { "w:val": "nextPage" },
        "w:pgMar": { "w:top": "1440", "w:right": "1440", "w:bottom": "1440", "w:left": "1440" }
      }
    }
  },
  "word/styles.xml": {
    "xmlns:w": "http://schemas.openxmlformats.org/wordprocessingml/2006/main",
    "w:docDefaults": {
      "w:rPrDefault": {
        "w:rPr": {
          "w:rFonts": { "w:ascii": "Fira Code", "w:hAnsi": "Fira Code" },
          "w:sz": { "w:val": "20" },
          "w:lang": { "w:val": "en-US" }
        }
      }
    },
    "w:style": [
      {
        "w:type": "paragraph",
        "w:styleId": "BasePackage",
        "w:name": { "w:val": "StandardDependency" },
        "w:pPr": { "w:spacing": { "w:before": "240", "w:after": "120" } }
      },
      {
        "w:type": "paragraph",
        "w:styleId": "CriticalSDK",
        "w:basedOn": { "w:val": "BasePackage" },
        "w:name": { "w:val": "HighPriorityKernel" },
        "w:rPr": { "w:b": {}, "w:sz": { "w:val": "24" }, "w:highlight": { "w:val": "yellow" } }
      },
      {
        "w:type": "character",
        "w:styleId": "IntegrityHash",
        "w:rPr": { "w:color": { "w:val": "06B2D2" }, "w:vertAlign": { "w:val": "subscript" } }
      }
    ]
  },
  "word/numbering.xml": {
    "xmlns:w": "http://schemas.openxmlformats.org/wordprocessingml/2006/main",
    "w:abstractNum": [
      {
        "w:abstractNumId": "101",
        "w:multiLevelType": { "w:val": "hierarchical" },
        "w:lvl": [
          { "w:ilvl": "0", "w:start": { "w:val": "1" }, "w:numFmt": { "w:val": "decimal" }, "w:lvlText": { "w:val": "NODE_%1." } },
          { "w:ilvl": "1", "w:numFmt": { "w:val": "bullet" }, "w:lvlText": { "w:val": "→" } }
        ]
      }
    ],
    "w:num": [
      { "w:numId": "1", "w:abstractNumId": { "w:val": "101" } }
    ]
  },
  "word/settings.xml": {
    "w:settings": {
      "w:zoom": { "w:percent": "100" },
      "w:proofState": { "w:spelling": "clean", "w:grammar": "clean" },
      "w:optimization": {
        "w:zig": {
          "w:compiler": "zig-0.13.0",
          "w:flags": [ "-ffast-math", "-flto", "-Drelease-fast" ],
          "w:target": "x86_64-linux-musl"
        },
        "w:siphonEngine": {
          "w:parallelism": "auto",
          "w:ioUring": "enabled",
          "w:cacheLevel": "L3_CONVERGED"
        }
      }
    }
  },
  "docProps/core.xml": {
    "cp:coreProperties": {
      "dc:title": "Bun Nexus Converged OOXML Lock",
      "dc:creator": "DALEK_CAAN_v3.1_ENGINE",
      "cp:revision": "6",
      "cp:lastModifiedBy": "Siphon_Logic_Nexus",
      "dcterms:created": "2025-05-24T08:00:00Z",
      "dcterms:modified": "2025-05-24T21:15:45Z",
      "cp:category": "Lockfile::Orchestration"
    }
  },
  "docProps/app.xml": {
    "Properties": {
      "Application": "Bun-Siphon-Engine-v6-Converged",
      "AppVersion": "1.6.2-FINAL",
      "Company": "DALEK_CAAN_ARCHIVES",
      "TotalNodes": 512,
      "CriticalPaths": 42,
      "DependencyDepth": 12,
      "ZigFastPath": "HYPER_OPTIMIZED",
      "NexusStatus": "ARCHITECTURAL_LOCK_ROUND_6"
    }
  }
}